<?xml version="1.0" encoding="utf-8"?>
<Project ToolsVersion="4.0" xmlns="http://schemas.microsoft.com/developer/msbuild/2003">
  <ItemGroup>
    <Filter Include="Archivos de origen">
      <UniqueIdentifier>{4FC737F1-C7A5-4376-A066-2A32D752A2FF}</UniqueIdentifier>
      <Extensions>cpp;c;cc;cxx;c++;cppm;ixx;def;odl;idl;hpj;bat;asm;asmx</Extensions>
    </Filter>
    <Filter Include="Archivos de encabezado">
      <UniqueIdentifier>{93995380-89BD-4b04-88EB-625FBE52EBFB}</UniqueIdentifier>
      <Extensions>h;hh;hpp;hxx;h++;hm;inl;inc;ipp;xsd</Extensions>
    </Filter>
    <Filter Include="Archivos de recursos">
      <UniqueIdentifier>{67DA6AB6-F800-4c08-8B7A-83BB121AAD01}</UniqueIdentifier>
      <Extensions>rc;ico;cur;bmp;dlg;rc2;rct;bin;rgs;gif;jpg;jpeg;jpe;resx;tiff;tif;png;wav;mfcribbon-ms</Extensions>
    </Filter>
    <Filter Include="Archivos de encabezado\Actores">
      <UniqueIdentifier>{1fa2b9bd-8d59-4052-a2a6-17768f44528c}</UniqueIdentifier>
    </Filter>
    <Filter Include="Archivos de encabezado\Layers">
      <UniqueIdentifier>{8378d7de-9769-4148-9299-59a9bd6eec96}</UniqueIdentifier>
    </Filter>
    <Filter Include="Archivos de origen\Actores">
      <UniqueIdentifier>{662d4f55-2aba-4f7e-b890-4d29eda88673}</UniqueIdentifier>
    </Filter>
    <Filter Include="Archivos de origen\Layers">
      <UniqueIdentifier>{96130320-44f1-4e68-af3f-8025bdc115a5}</UniqueIdentifier>
    </Filter>
    <Filter Include="Archivos de encabezado\Actores\Enemigos">
      <UniqueIdentifier>{40b45daa-951b-4edb-bae3-03a721f56398}</UniqueIdentifier>
    </Filter>
    <Filter Include="Archivos de encabezado\Actores\Projectiles">
      <UniqueIdentifier>{8744052a-1b79-4eb6-a91a-96552bc89958}</UniqueIdentifier>
    </Filter>
    <Filter Include="Archivos de encabezado\Actores\Tiles">
      <UniqueIdentifier>{822fbf6d-345b-434b-9c5c-162a4c09094b}</UniqueIdentifier>
    </Filter>
    <Filter Include="Archivos de origen\Actores\Enemigos">
      <UniqueIdentifier>{90711eb6-48ac-4a0d-a0c9-55812c9e07e2}</UniqueIdentifier>
    </Filter>
    <Filter Include="Archivos de origen\Actores\Projectiles">
      <UniqueIdentifier>{ce018a52-773a-40c1-b009-99035a7b3b4f}</UniqueIdentifier>
    </Filter>
    <Filter Include="Archivos de origen\Actores\Tiles">
      <UniqueIdentifier>{79bcbcb1-34ff-4d97-aae3-e29e3af6b87b}</UniqueIdentifier>
    </Filter>
    <Filter Include="Archivos de origen\Actores\Recolectables">
      <UniqueIdentifier>{a0eb99da-22c9-4319-9461-6188d4b4f88f}</UniqueIdentifier>
    </Filter>
    <Filter Include="Archivos de encabezado\Actores\Recolectable">
      <UniqueIdentifier>{4fb78d09-47c9-4492-95d4-ff879925a5c6}</UniqueIdentifier>
    </Filter>
  </ItemGroup>
  <ItemGroup>
    <ClInclude Include="Actor.h">
      <Filter>Archivos de encabezado\Actores</Filter>
    </ClInclude>
    <ClInclude Include="Background.h">
      <Filter>Archivos de encabezado\Actores</Filter>
    </ClInclude>
    <ClInclude Include="Player.h">
      <Filter>Archivos de encabezado\Actores</Filter>
    </ClInclude>
    <ClInclude Include="Text.h">
      <Filter>Archivos de encabezado\Actores</Filter>
    </ClInclude>
    <ClInclude Include="GameLayer.h">
      <Filter>Archivos de encabezado\Layers</Filter>
    </ClInclude>
    <ClInclude Include="Layer.h">
      <Filter>Archivos de encabezado\Layers</Filter>
    </ClInclude>
    <ClInclude Include="Game.h">
      <Filter>Archivos de encabezado</Filter>
    </ClInclude>
    <ClInclude Include="Enemy.h">
      <Filter>Archivos de encabezado\Actores\Enemigos</Filter>
    </ClInclude>
    <ClInclude Include="ProjectileEnemigo.h">
      <Filter>Archivos de encabezado\Actores\Projectiles</Filter>
    </ClInclude>
    <ClInclude Include="Projectile.h">
      <Filter>Archivos de encabezado\Actores\Projectiles</Filter>
    </ClInclude>
    <ClInclude Include="Tile.h">
      <Filter>Archivos de encabezado\Actores\Tiles</Filter>
    </ClInclude>
    <ClInclude Include="Animation.h">
      <Filter>Archivos de encabezado</Filter>
    </ClInclude>
    <ClInclude Include="Audio.h">
      <Filter>Archivos de encabezado</Filter>
    </ClInclude>
    <ClInclude Include="MenuLayer.h">
      <Filter>Archivos de encabezado\Actores</Filter>
    </ClInclude>
    <ClInclude Include="Pad.h">
      <Filter>Archivos de encabezado\Actores</Filter>
    </ClInclude>
    <ClInclude Include="Space.h">
      <Filter>Archivos de encabezado</Filter>
    </ClInclude>
    <ClInclude Include="EnemigoBasico.h">
      <Filter>Archivos de encabezado\Actores\Enemigos</Filter>
    </ClInclude>
    <ClInclude Include="EnemigoSinCabeza.h">
      <Filter>Archivos de encabezado\Actores\Enemigos</Filter>
    </ClInclude>
    <ClInclude Include="EnemigoDispara.h">
      <Filter>Archivos de encabezado\Actores\Enemigos</Filter>
    </ClInclude>
    <ClInclude Include="MoscaBomba.h">
      <Filter>Archivos de encabezado\Actores\Enemigos</Filter>
    </ClInclude>
    <ClInclude Include="resource.h">
      <Filter>Archivos de encabezado</Filter>
    </ClInclude>
    <ClInclude Include="Explosion.h">
      <Filter>Archivos de encabezado\Actores</Filter>
    </ClInclude>
    <ClInclude Include="Bomba.h">
      <Filter>Archivos de encabezado\Actores</Filter>
    </ClInclude>
    <ClInclude Include="Recolectable.h">
      <Filter>Archivos de encabezado\Actores\Recolectable</Filter>
    </ClInclude>
    <ClInclude Include="BombaRecolectable.h">
      <Filter>Archivos de encabezado\Actores\Recolectable</Filter>
    </ClInclude>
    <ClInclude Include="VidasRecolectable.h">
      <Filter>Archivos de encabezado\Actores\Recolectable</Filter>
    </ClInclude>
  </ItemGroup>
  <ItemGroup>
    <ClCompile Include="Actor.cpp">
      <Filter>Archivos de origen\Actores</Filter>
    </ClCompile>
    <ClCompile Include="Background.cpp">
      <Filter>Archivos de origen\Actores</Filter>
    </ClCompile>
    <ClCompile Include="Player.cpp">
      <Filter>Archivos de origen\Actores</Filter>
    </ClCompile>
    <ClCompile Include="Text.cpp">
      <Filter>Archivos de origen\Actores</Filter>
    </ClCompile>
    <ClCompile Include="GameLayer.cpp">
      <Filter>Archivos de origen\Layers</Filter>
    </ClCompile>
    <ClCompile Include="Layer.cpp">
      <Filter>Archivos de origen\Layers</Filter>
    </ClCompile>
    <ClCompile Include="Game.cpp">
      <Filter>Archivos de origen</Filter>
    </ClCompile>
    <ClCompile Include="Main.cpp">
      <Filter>Archivos de origen</Filter>
    </ClCompile>
    <ClCompile Include="Projectile.cpp">
      <Filter>Archivos de origen\Actores\Projectiles</Filter>
    </ClCompile>
    <ClCompile Include="ProjectileEnemigo.cpp">
      <Filter>Archivos de origen\Actores\Projectiles</Filter>
    </ClCompile>
    <ClCompile Include="Tile.cpp">
      <Filter>Archivos de origen\Actores\Tiles</Filter>
    </ClCompile>
    <ClCompile Include="Animation.cpp">
      <Filter>Archivos de origen</Filter>
    </ClCompile>
    <ClCompile Include="Audio.cpp">
      <Filter>Archivos de origen</Filter>
    </ClCompile>
    <ClCompile Include="MenuLayer.cpp">
      <Filter>Archivos de origen\Actores</Filter>
    </ClCompile>
    <ClCompile Include="Pad.cpp">
      <Filter>Archivos de origen\Actores</Filter>
    </ClCompile>
    <ClCompile Include="Space.cpp">
      <Filter>Archivos de origen</Filter>
    </ClCompile>
    <ClCompile Include="EnemigoBasico.cpp">
      <Filter>Archivos de origen\Actores\Enemigos</Filter>
    </ClCompile>
    <ClCompile Include="EnemigoSinCabeza.cpp">
      <Filter>Archivos de origen\Actores\Enemigos</Filter>
    </ClCompile>
    <ClCompile Include="Enemy.cpp">
      <Filter>Archivos de origen\Actores\Enemigos</Filter>
    </ClCompile>
    <ClCompile Include="EnemigoDispara.cpp">
      <Filter>Archivos de origen\Actores\Enemigos</Filter>
    </ClCompile>
    <ClCompile Include="MoscaBomba.cpp">
      <Filter>Archivos de origen\Actores\Enemigos</Filter>
    </ClCompile>
    <ClCompile Include="Explosion.cpp">
      <Filter>Archivos de origen\Actores</Filter>
    </ClCompile>
    <ClCompile Include="Bomba.cpp">
      <Filter>Archivos de origen\Actores</Filter>
    </ClCompile>
    <ClCompile Include="Recolectable.cpp">
      <Filter>Archivos de origen\Actores\Recolectables</Filter>
    </ClCompile>
    <ClCompile Include="BombaRecolectable.cpp">
      <Filter>Archivos de origen\Actores\Recolectables</Filter>
    </ClCompile>
    <ClCompile Include="VidasRecolectable.cpp">
      <Filter>Archivos de origen\Actores\Recolectables</Filter>
    </ClCompile>
  </ItemGroup>
  <ItemGroup>
    <ResourceCompile Include="The binding of Adri.rc">
      <Filter>Archivos de recursos</Filter>
    </ResourceCompile>
  </ItemGroup>
</Project>